github.com/eric2918/leaf v0.0.0-20220728020211-2529f34cc932 h1:1BF/cDpCDkk9d1Llm28azs1Cep6RABF/8z8vuykyVPs=
github.com/eric2918/leaf v0.0.0-20220728020211-2529f34cc932/go.mod h1:cWHdby89GRZd+M3iFMViKWqvUGubq2FFo/HImlTXP58=
github.com/gorilla/websocket v1.5.0 h1:PPwGk2jz7EePpoHN/+ClbZu8SPxiqlu12wZP/3sWmnc=
github.com/gorilla/websocket v1.5.0/go.mod h1:YR8l580nyteQvAITg2hZ9XVh4b55+EU/adAjf1fMHhE=
